Microsoft Visual Studio Solution File, Format Version 11.00
# Visual Studio 2008

Project("{1FAEE183-8B10-9EE8-4B84-2DFC0715CDBD}") = "UltimaVersion 3.0", "Assembly-CSharp.csproj", "{109EF88B-B695-B527-3508-4055D9008A64}"
EndProject
Project("{1FAEE183-8B10-9EE8-4B84-2DFC0715CDBD}") = "UltimaVersion 3.0", "Assembly-CSharp-Editor.csproj", "{389384EF-94C6-AAF1-EFD8-D530248D9DC8}"
EndProject
Global
	GlobalSection(SolutionConfigurationPlatforms) = preSolution
		Debug|Any CPU = Debug|Any CPU
		Release|Any CPU = Release|Any CPU
	EndGlobalSection
	GlobalSection(ProjectConfigurationPlatforms) = postSolution
		{109EF88B-B695-B527-3508-4055D9008A64}.Debug|Any CPU.ActiveCfg = Debug|Any CPU
		{109EF88B-B695-B527-3508-4055D9008A64}.Debug|Any CPU.Build.0 = Debug|Any CPU
		{109EF88B-B695-B527-3508-4055D9008A64}.Release|Any CPU.ActiveCfg = Release|Any CPU
		{109EF88B-B695-B527-3508-4055D9008A64}.Release|Any CPU.Build.0 = Release|Any CPU
		{389384EF-94C6-AAF1-EFD8-D530248D9DC8}.Debug|Any CPU.ActiveCfg = Debug|Any CPU
		{389384EF-94C6-AAF1-EFD8-D530248D9DC8}.Debug|Any CPU.Build.0 = Debug|Any CPU
		{389384EF-94C6-AAF1-EFD8-D530248D9DC8}.Release|Any CPU.ActiveCfg = Release|Any CPU
		{389384EF-94C6-AAF1-EFD8-D530248D9DC8}.Release|Any CPU.Build.0 = Release|Any CPU
	EndGlobalSection
	GlobalSection(SolutionProperties) = preSolution
		HideSolutionNode = FALSE
	EndGlobalSection
	GlobalSection(MonoDevelopProperties) = preSolution
		StartupItem = Assembly-CSharp.csproj
	EndGlobalSection
EndGlobal
