Microsoft Visual Studio Solution File, Format Version 11.00
# Visual Studio 2008

Project("{2910CC32-9D20-FDCE-B402-E6156FCED414}") = "UltimaVersion 6.0", "Assembly-CSharp.csproj", "{7CAE44BC-6B3F-7043-6E18-DA3133D85CE0}"
EndProject
Project("{2910CC32-9D20-FDCE-B402-E6156FCED414}") = "UltimaVersion 6.0", "Assembly-CSharp-Editor.csproj", "{C041906B-8B73-4621-2C6D-7A830EAB9B30}"
EndProject
Global
	GlobalSection(SolutionConfigurationPlatforms) = preSolution
		Debug|Any CPU = Debug|Any CPU
		Release|Any CPU = Release|Any CPU
	EndGlobalSection
	GlobalSection(ProjectConfigurationPlatforms) = postSolution
		{7CAE44BC-6B3F-7043-6E18-DA3133D85CE0}.Debug|Any CPU.ActiveCfg = Debug|Any CPU
		{7CAE44BC-6B3F-7043-6E18-DA3133D85CE0}.Debug|Any CPU.Build.0 = Debug|Any CPU
		{7CAE44BC-6B3F-7043-6E18-DA3133D85CE0}.Release|Any CPU.ActiveCfg = Release|Any CPU
		{7CAE44BC-6B3F-7043-6E18-DA3133D85CE0}.Release|Any CPU.Build.0 = Release|Any CPU
		{C041906B-8B73-4621-2C6D-7A830EAB9B30}.Debug|Any CPU.ActiveCfg = Debug|Any CPU
		{C041906B-8B73-4621-2C6D-7A830EAB9B30}.Debug|Any CPU.Build.0 = Debug|Any CPU
		{C041906B-8B73-4621-2C6D-7A830EAB9B30}.Release|Any CPU.ActiveCfg = Release|Any CPU
		{C041906B-8B73-4621-2C6D-7A830EAB9B30}.Release|Any CPU.Build.0 = Release|Any CPU
	EndGlobalSection
	GlobalSection(SolutionProperties) = preSolution
		HideSolutionNode = FALSE
	EndGlobalSection
	GlobalSection(MonoDevelopProperties) = preSolution
		StartupItem = Assembly-CSharp.csproj
	EndGlobalSection
EndGlobal
