Microsoft Visual Studio Solution File, Format Version 11.00
# Visual Studio 2008

Project("{2E98E175-E3A0-AFDF-513E-49E535960028}") = "UltimaVersion 4.0", "Assembly-CSharp.csproj", "{F28FFC09-2A04-BF9C-6241-34A8885D1D56}"
EndProject
Project("{2E98E175-E3A0-AFDF-513E-49E535960028}") = "UltimaVersion 4.0", "Assembly-CSharp-Editor.csproj", "{81130FB8-5219-D8D0-4C64-CF3ECE8801AD}"
EndProject
Global
	GlobalSection(SolutionConfigurationPlatforms) = preSolution
		Debug|Any CPU = Debug|Any CPU
		Release|Any CPU = Release|Any CPU
	EndGlobalSection
	GlobalSection(ProjectConfigurationPlatforms) = postSolution
		{F28FFC09-2A04-BF9C-6241-34A8885D1D56}.Debug|Any CPU.ActiveCfg = Debug|Any CPU
		{F28FFC09-2A04-BF9C-6241-34A8885D1D56}.Debug|Any CPU.Build.0 = Debug|Any CPU
		{F28FFC09-2A04-BF9C-6241-34A8885D1D56}.Release|Any CPU.ActiveCfg = Release|Any CPU
		{F28FFC09-2A04-BF9C-6241-34A8885D1D56}.Release|Any CPU.Build.0 = Release|Any CPU
		{81130FB8-5219-D8D0-4C64-CF3ECE8801AD}.Debug|Any CPU.ActiveCfg = Debug|Any CPU
		{81130FB8-5219-D8D0-4C64-CF3ECE8801AD}.Debug|Any CPU.Build.0 = Debug|Any CPU
		{81130FB8-5219-D8D0-4C64-CF3ECE8801AD}.Release|Any CPU.ActiveCfg = Release|Any CPU
		{81130FB8-5219-D8D0-4C64-CF3ECE8801AD}.Release|Any CPU.Build.0 = Release|Any CPU
	EndGlobalSection
	GlobalSection(SolutionProperties) = preSolution
		HideSolutionNode = FALSE
	EndGlobalSection
	GlobalSection(MonoDevelopProperties) = preSolution
		StartupItem = Assembly-CSharp.csproj
	EndGlobalSection
EndGlobal
